<?xml version="1.0" encoding="utf-8"?>
<Project ToolsVersion="4.0" xmlns="http://schemas.microsoft.com/developer/msbuild/2003">
  <ItemGroup>
    <Filter Include="Source Files">
      <UniqueIdentifier>{4FC737F1-C7A5-4376-A066-2A32D752A2FF}</UniqueIdentifier>
      <Extensions>cpp;c;cc;cxx;def;odl;idl;hpj;bat;asm;asmx</Extensions>
    </Filter>
    <Filter Include="Header Files">
      <UniqueIdentifier>{93995380-89BD-4b04-88EB-625FBE52EBFB}</UniqueIdentifier>
      <Extensions>h;hpp;hxx;hm;inl;inc;xsd</Extensions>
    </Filter>
    <Filter Include="Resource Files">
      <UniqueIdentifier>{67DA6AB6-F800-4c08-8B7A-83BB121AAD01}</UniqueIdentifier>
      <Extensions>rc;ico;cur;bmp;dlg;rc2;rct;bin;rgs;gif;jpg;jpeg;jpe;resx;tiff;tif;png;wav;mfcribbon-ms</Extensions>
    </Filter>
    <Filter Include="Header Files\core">
      <UniqueIdentifier>{5cf83d44-c5b8-4479-a566-e1467dc7512d}</UniqueIdentifier>
    </Filter>
    <Filter Include="Source Files\core">
      <UniqueIdentifier>{74248236-1b46-4dd0-a14e-06385701fdba}</UniqueIdentifier>
    </Filter>
    <Filter Include="Source Files\core\bulletml">
      <UniqueIdentifier>{5393d894-0ae0-4fb4-8835-894f00274e90}</UniqueIdentifier>
    </Filter>
    <Filter Include="Header Files\core\bulletml">
      <UniqueIdentifier>{9e2f0810-1fc3-4a30-8070-bad16ddc68c0}</UniqueIdentifier>
    </Filter>
    <Filter Include="Header Files\core\Callback_Impl">
      <UniqueIdentifier>{8d5d25d5-5b99-459a-b67c-4b57dac17e49}</UniqueIdentifier>
    </Filter>
    <Filter Include="Source Files\core\Callback_Impl">
      <UniqueIdentifier>{5a2a497d-4dd9-4597-b095-c01a58ef2d42}</UniqueIdentifier>
    </Filter>
    <Filter Include="Header Files\core\QuadTree">
      <UniqueIdentifier>{5c42c29b-2d5d-4f73-8df3-75c5ae743a95}</UniqueIdentifier>
    </Filter>
    <Filter Include="Source Files\core\QuadTree">
      <UniqueIdentifier>{21a1da9b-6619-4185-acb0-3437d15bbe39}</UniqueIdentifier>
    </Filter>
    <Filter Include="Header Files\core\tinyxml">
      <UniqueIdentifier>{6305b432-2a6c-45cf-b25b-d864f7161ff1}</UniqueIdentifier>
    </Filter>
    <Filter Include="Source Files\core\tinyxml">
      <UniqueIdentifier>{9d5ec0e9-c768-40d8-99a7-a01e14e94641}</UniqueIdentifier>
    </Filter>
  </ItemGroup>
  <ItemGroup>
    <ClCompile Include="..\..\Clock.cpp">
      <Filter>Source Files</Filter>
    </ClCompile>
    <ClCompile Include="..\..\Game.cpp">
      <Filter>Source Files</Filter>
    </ClCompile>
    <ClCompile Include="..\..\InputModule.cpp">
      <Filter>Source Files</Filter>
    </ClCompile>
    <ClCompile Include="..\..\Loading.cpp">
      <Filter>Source Files</Filter>
    </ClCompile>
    <ClCompile Include="..\..\main.cpp">
      <Filter>Source Files</Filter>
    </ClCompile>
    <ClCompile Include="..\..\RendererManager.cpp">
      <Filter>Source Files</Filter>
    </ClCompile>
    <ClCompile Include="..\..\SFMLSprite.cpp">
      <Filter>Source Files</Filter>
    </ClCompile>
    <ClCompile Include="..\..\SFMLSpriteProvider.cpp">
      <Filter>Source Files</Filter>
    </ClCompile>
    <ClCompile Include="..\..\Wall.cpp">
      <Filter>Source Files</Filter>
    </ClCompile>
    <ClCompile Include="..\..\..\common\core\Bullet.cpp">
      <Filter>Source Files\core</Filter>
    </ClCompile>
    <ClCompile Include="..\..\..\common\core\BulletCommand.cpp">
      <Filter>Source Files\core</Filter>
    </ClCompile>
    <ClCompile Include="..\..\..\common\core\BulletResourceManager.cpp">
      <Filter>Source Files\core</Filter>
    </ClCompile>
    <ClCompile Include="..\..\..\common\core\Callback.cpp">
      <Filter>Source Files\core</Filter>
    </ClCompile>
    <ClCompile Include="..\..\..\common\core\CircleHitBox.cpp">
      <Filter>Source Files\core</Filter>
    </ClCompile>
    <ClCompile Include="..\..\..\common\core\CommandDispatcher.cpp">
      <Filter>Source Files\core</Filter>
    </ClCompile>
    <ClCompile Include="..\..\..\common\core\CommandHandler.cpp">
      <Filter>Source Files\core</Filter>
    </ClCompile>
    <ClCompile Include="..\..\..\common\core\GameObject.cpp">
      <Filter>Source Files\core</Filter>
    </ClCompile>
    <ClCompile Include="..\..\..\common\core\GameObjectManager.cpp">
      <Filter>Source Files\core</Filter>
    </ClCompile>
    <ClCompile Include="..\..\..\common\core\GameState.cpp">
      <Filter>Source Files\core</Filter>
    </ClCompile>
    <ClCompile Include="..\..\..\common\core\GameStateObserver.cpp">
      <Filter>Source Files\core</Filter>
    </ClCompile>
    <ClCompile Include="..\..\..\common\core\GSManager.cpp">
      <Filter>Source Files\core</Filter>
    </ClCompile>
    <ClCompile Include="..\..\..\common\core\HitBox.cpp">
      <Filter>Source Files\core</Filter>
    </ClCompile>
    <ClCompile Include="..\..\..\common\core\Module.cpp">
      <Filter>Source Files\core</Filter>
    </ClCompile>
    <ClCompile Include="..\..\..\common\core\ModuleManager.cpp">
      <Filter>Source Files\core</Filter>
    </ClCompile>
    <ClCompile Include="..\..\..\common\core\PhysicManager.cpp">
      <Filter>Source Files\core</Filter>
    </ClCompile>
    <ClCompile Include="..\..\..\common\core\PhysicObject.cpp">
      <Filter>Source Files\core</Filter>
    </ClCompile>
    <ClCompile Include="..\..\..\common\core\PolyHitBox.cpp">
      <Filter>Source Files\core</Filter>
    </ClCompile>
    <ClCompile Include="..\..\..\common\core\RectHitBox.cpp">
      <Filter>Source Files\core</Filter>
    </ClCompile>
    <ClCompile Include="..\..\..\common\core\ResourceManager.cpp">
      <Filter>Source Files\core</Filter>
    </ClCompile>
    <ClCompile Include="..\..\..\common\core\TimeEffectManager.cpp">
      <Filter>Source Files\core</Filter>
    </ClCompile>
    <ClCompile Include="..\..\..\common\core\bulletml\bulletmlparser.cc">
      <Filter>Source Files\core\bulletml</Filter>
    </ClCompile>
    <ClCompile Include="..\..\..\common\core\bulletml\bulletmlparser-tinyxml.cc">
      <Filter>Source Files\core\bulletml</Filter>
    </ClCompile>
    <ClCompile Include="..\..\..\common\core\bulletml\bulletmlrunner.cc">
      <Filter>Source Files\core\bulletml</Filter>
    </ClCompile>
    <ClCompile Include="..\..\..\common\core\bulletml\bulletmlrunnerimpl.cc">
      <Filter>Source Files\core\bulletml</Filter>
    </ClCompile>
    <ClCompile Include="..\..\..\common\core\bulletml\bulletmltree.cc">
      <Filter>Source Files\core\bulletml</Filter>
    </ClCompile>
    <ClCompile Include="..\..\..\common\core\bulletml\calc.cc">
      <Filter>Source Files\core\bulletml</Filter>
    </ClCompile>
    <ClCompile Include="..\..\..\common\core\bulletml\formula-variables.cc">
      <Filter>Source Files\core\bulletml</Filter>
    </ClCompile>
    <ClCompile Include="..\..\..\common\core\Callback_Impl\Callback_Impl_Function.cpp">
      <Filter>Source Files\core\Callback_Impl</Filter>
    </ClCompile>
    <ClCompile Include="..\..\..\common\core\QuadTree\Node.cpp">
      <Filter>Source Files\core\QuadTree</Filter>
    </ClCompile>
    <ClCompile Include="..\..\..\common\core\QuadTree\QuadTree.cpp">
      <Filter>Source Files\core\QuadTree</Filter>
    </ClCompile>
    <ClCompile Include="..\..\..\common\core\QuadTree\TreeElement.cpp">
      <Filter>Source Files\core\QuadTree</Filter>
    </ClCompile>
    <ClCompile Include="..\..\..\common\core\tinyxml\tinyxml.cpp">
      <Filter>Source Files\core\tinyxml</Filter>
    </ClCompile>
    <ClCompile Include="..\..\..\common\core\tinyxml\tinyxmlerror.cpp">
      <Filter>Source Files\core\tinyxml</Filter>
    </ClCompile>
    <ClCompile Include="..\..\..\common\core\tinyxml\tinyxmlparser.cpp">
      <Filter>Source Files\core\tinyxml</Filter>
    </ClCompile>
    <ClCompile Include="..\..\..\common\core\InputManager.cpp">
      <Filter>Source Files\core</Filter>
    </ClCompile>
  </ItemGroup>
  <ItemGroup>
    <ClInclude Include="..\..\AudioManager.hpp">
      <Filter>Header Files</Filter>
    </ClInclude>
    <ClInclude Include="..\..\Font.hpp">
      <Filter>Header Files</Filter>
    </ClInclude>
    <ClInclude Include="..\..\Game.hpp">
      <Filter>Header Files</Filter>
    </ClInclude>
    <ClInclude Include="..\..\InputManager.hpp">
      <Filter>Header Files</Filter>
    </ClInclude>
    <ClInclude Include="..\..\InputModule.hpp">
      <Filter>Header Files</Filter>
    </ClInclude>
    <ClInclude Include="..\..\Loading.hpp">
      <Filter>Header Files</Filter>
    </ClInclude>
    <ClInclude Include="..\..\RendererManager.hpp">
      <Filter>Header Files</Filter>
    </ClInclude>
    <ClInclude Include="..\..\SFMLSprite.hpp">
      <Filter>Header Files</Filter>
    </ClInclude>
    <ClInclude Include="..\..\SFMLSpriteProvider.hpp">
      <Filter>Header Files</Filter>
    </ClInclude>
    <ClInclude Include="..\..\Sound.hpp">
      <Filter>Header Files</Filter>
    </ClInclude>
    <ClInclude Include="..\..\Wall.hpp">
      <Filter>Header Files</Filter>
    </ClInclude>
    <ClInclude Include="..\..\..\common\core\Bullet.hpp">
      <Filter>Header Files\core</Filter>
    </ClInclude>
    <ClInclude Include="..\..\..\common\core\BulletCommand.hpp">
      <Filter>Header Files\core</Filter>
    </ClInclude>
    <ClInclude Include="..\..\..\common\core\BulletResourceManager.hpp">
      <Filter>Header Files\core</Filter>
    </ClInclude>
    <ClInclude Include="..\..\..\common\core\Callback.hpp">
      <Filter>Header Files\core</Filter>
    </ClInclude>
    <ClInclude Include="..\..\..\common\core\CircleHitBox.hpp">
      <Filter>Header Files\core</Filter>
    </ClInclude>
    <ClInclude Include="..\..\..\common\core\Command.hpp">
      <Filter>Header Files\core</Filter>
    </ClInclude>
    <ClInclude Include="..\..\..\common\core\CommandDispatcher.hpp">
      <Filter>Header Files\core</Filter>
    </ClInclude>
    <ClInclude Include="..\..\..\common\core\CommandHandler.hpp">
      <Filter>Header Files\core</Filter>
    </ClInclude>
    <ClInclude Include="..\..\..\common\core\Converter.hpp">
      <Filter>Header Files\core</Filter>
    </ClInclude>
    <ClInclude Include="..\..\..\common\core\DrawableObject.hpp">
      <Filter>Header Files\core</Filter>
    </ClInclude>
    <ClInclude Include="..\..\..\common\core\GameObject.hpp">
      <Filter>Header Files\core</Filter>
    </ClInclude>
    <ClInclude Include="..\..\..\common\core\GameObjectManager.hpp">
      <Filter>Header Files\core</Filter>
    </ClInclude>
    <ClInclude Include="..\..\..\common\core\GameState.hpp">
      <Filter>Header Files\core</Filter>
    </ClInclude>
    <ClInclude Include="..\..\..\common\core\GameStateInstance.hpp">
      <Filter>Header Files\core</Filter>
    </ClInclude>
    <ClInclude Include="..\..\..\common\core\GameStateManager.hpp">
      <Filter>Header Files\core</Filter>
    </ClInclude>
    <ClInclude Include="..\..\..\common\core\GameStateObserver.hpp">
      <Filter>Header Files\core</Filter>
    </ClInclude>
    <ClInclude Include="..\..\..\common\core\GSManager.hpp">
      <Filter>Header Files\core</Filter>
    </ClInclude>
    <ClInclude Include="..\..\..\common\core\HitBox.hpp">
      <Filter>Header Files\core</Filter>
    </ClInclude>
    <ClInclude Include="..\..\..\common\core\IPhysicsSubscriber.hpp">
      <Filter>Header Files\core</Filter>
    </ClInclude>
    <ClInclude Include="..\..\..\common\core\Module.hpp">
      <Filter>Header Files\core</Filter>
    </ClInclude>
    <ClInclude Include="..\..\..\common\core\ModuleManager.hpp">
      <Filter>Header Files\core</Filter>
    </ClInclude>
    <ClInclude Include="..\..\..\common\core\NonCopyable.hpp">
      <Filter>Header Files\core</Filter>
    </ClInclude>
    <ClInclude Include="..\..\..\common\core\Observable.hpp">
      <Filter>Header Files\core</Filter>
    </ClInclude>
    <ClInclude Include="..\..\..\common\core\Observer.hpp">
      <Filter>Header Files\core</Filter>
    </ClInclude>
    <ClInclude Include="..\..\..\common\core\PhysicManager.hpp">
      <Filter>Header Files\core</Filter>
    </ClInclude>
    <ClInclude Include="..\..\..\common\core\PhysicObject.hpp">
      <Filter>Header Files\core</Filter>
    </ClInclude>
    <ClInclude Include="..\..\..\common\core\PhysicsSubscriber2.hpp">
      <Filter>Header Files\core</Filter>
    </ClInclude>
    <ClInclude Include="..\..\..\common\core\PolyHitBox.hpp">
      <Filter>Header Files\core</Filter>
    </ClInclude>
    <ClInclude Include="..\..\..\common\core\RectHitBox.hpp">
      <Filter>Header Files\core</Filter>
    </ClInclude>
    <ClInclude Include="..\..\..\common\core\ResourceManager.hpp">
      <Filter>Header Files\core</Filter>
    </ClInclude>
    <ClInclude Include="..\..\..\common\core\Singleton.hpp">
      <Filter>Header Files\core</Filter>
    </ClInclude>
    <ClInclude Include="..\..\..\common\core\Sprite.hpp">
      <Filter>Header Files\core</Filter>
    </ClInclude>
    <ClInclude Include="..\..\..\common\core\SpriteProvider.hpp">
      <Filter>Header Files\core</Filter>
    </ClInclude>
    <ClInclude Include="..\..\..\common\core\TimeEffectManager.hpp">
      <Filter>Header Files\core</Filter>
    </ClInclude>
    <ClInclude Include="..\..\..\common\core\bulletml\auto_ptr_fix.h">
      <Filter>Header Files\core\bulletml</Filter>
    </ClInclude>
    <ClInclude Include="..\..\..\common\core\bulletml\bulletmlcommon.h">
      <Filter>Header Files\core\bulletml</Filter>
    </ClInclude>
    <ClInclude Include="..\..\..\common\core\bulletml\bulletmlerror.h">
      <Filter>Header Files\core\bulletml</Filter>
    </ClInclude>
    <ClInclude Include="..\..\..\common\core\bulletml\bulletmlparser.h">
      <Filter>Header Files\core\bulletml</Filter>
    </ClInclude>
    <ClInclude Include="..\..\..\common\core\bulletml\bulletmlparser-tinyxml.h">
      <Filter>Header Files\core\bulletml</Filter>
    </ClInclude>
    <ClInclude Include="..\..\..\common\core\bulletml\bulletmlrunner.h">
      <Filter>Header Files\core\bulletml</Filter>
    </ClInclude>
    <ClInclude Include="..\..\..\common\core\bulletml\bulletmlrunnerimpl.h">
      <Filter>Header Files\core\bulletml</Filter>
    </ClInclude>
    <ClInclude Include="..\..\..\common\core\bulletml\bulletmltree.h">
      <Filter>Header Files\core\bulletml</Filter>
    </ClInclude>
    <ClInclude Include="..\..\..\common\core\bulletml\calc.h">
      <Filter>Header Files\core\bulletml</Filter>
    </ClInclude>
    <ClInclude Include="..\..\..\common\core\bulletml\formula.h">
      <Filter>Header Files\core\bulletml</Filter>
    </ClInclude>
    <ClInclude Include="..\..\..\common\core\bulletml\formula-variables.h">
      <Filter>Header Files\core\bulletml</Filter>
    </ClInclude>
    <ClInclude Include="..\..\..\common\core\bulletml\tree.h">
      <Filter>Header Files\core\bulletml</Filter>
    </ClInclude>
    <ClInclude Include="..\..\..\common\core\Callback_Impl\Callback_Impl.hpp">
      <Filter>Header Files\core\Callback_Impl</Filter>
    </ClInclude>
    <ClInclude Include="..\..\..\common\core\Callback_Impl\Callback_Impl_Function.hpp">
      <Filter>Header Files\core\Callback_Impl</Filter>
    </ClInclude>
    <ClInclude Include="..\..\..\common\core\Callback_Impl\Callback_Impl_Function_UserData.hpp">
      <Filter>Header Files\core\Callback_Impl</Filter>
    </ClInclude>
    <ClInclude Include="..\..\..\common\core\Callback_Impl\Callback_Impl_Function_UserData2.hpp">
      <Filter>Header Files\core\Callback_Impl</Filter>
    </ClInclude>
    <ClInclude Include="..\..\..\common\core\Callback_Impl\Callback_Impl_Method.hpp">
      <Filter>Header Files\core\Callback_Impl</Filter>
    </ClInclude>
    <ClInclude Include="..\..\..\common\core\Callback_Impl\Callback_Impl_Method_UserData.hpp">
      <Filter>Header Files\core\Callback_Impl</Filter>
    </ClInclude>
    <ClInclude Include="..\..\..\common\core\Callback_Impl\Callback_Impl_UserData.hpp">
      <Filter>Header Files\core\Callback_Impl</Filter>
    </ClInclude>
    <ClInclude Include="..\..\..\common\core\Callback_Impl\Callback_Impl_UserData2.hpp">
      <Filter>Header Files\core\Callback_Impl</Filter>
    </ClInclude>
    <ClInclude Include="..\..\..\common\core\QuadTree\Node.hpp">
      <Filter>Header Files\core\QuadTree</Filter>
    </ClInclude>
    <ClInclude Include="..\..\..\common\core\QuadTree\QuadTree.hpp">
      <Filter>Header Files\core\QuadTree</Filter>
    </ClInclude>
    <ClInclude Include="..\..\..\common\core\QuadTree\TreeElement.hpp">
      <Filter>Header Files\core\QuadTree</Filter>
    </ClInclude>
    <ClInclude Include="..\..\..\common\core\tinyxml\tinyxml.h">
      <Filter>Header Files\core\tinyxml</Filter>
    </ClInclude>
  </ItemGroup>
  <ItemGroup>
    <None Include="..\..\InputManager.ipp">
      <Filter>Header Files</Filter>
    </None>
    <None Include="..\..\..\common\core\Callback.ipp">
      <Filter>Header Files\core</Filter>
    </None>
    <None Include="..\..\..\common\core\GameObjectManager.ipp">
      <Filter>Header Files\core</Filter>
    </None>
    <None Include="..\..\..\common\core\GSManager.ipp">
      <Filter>Header Files\core</Filter>
    </None>
    <None Include="..\..\..\common\core\ResourceManager.ipp">
      <Filter>Header Files\core</Filter>
    </None>
    <None Include="..\..\..\common\core\bulletml\calc.yy">
      <Filter>Header Files\core\bulletml</Filter>
    </None>
    <None Include="..\..\..\common\core\Callback_Impl\Callback_Impl_Function_UserData.ipp">
      <Filter>Header Files\core\Callback_Impl</Filter>
    </None>
    <None Include="..\..\..\common\core\Callback_Impl\Callback_Impl_Function_UserData2.ipp">
      <Filter>Header Files\core\Callback_Impl</Filter>
    </None>
    <None Include="..\..\..\common\core\Callback_Impl\Callback_Impl_Method.ipp">
      <Filter>Header Files\core\Callback_Impl</Filter>
    </None>
    <None Include="..\..\..\common\core\Callback_Impl\Callback_Impl_Method_UserData.ipp">
      <Filter>Header Files\core\Callback_Impl</Filter>
    </None>
    <None Include="..\..\..\common\core\Callback_Impl\Callback_Impl_UserData.ipp">
      <Filter>Header Files\core\Callback_Impl</Filter>
    </None>
    <None Include="..\..\..\common\core\Callback_Impl\Callback_Impl_UserData2.ipp">
      <Filter>Header Files\core\Callback_Impl</Filter>
    </None>
  </ItemGroup>
</Project>