Microsoft Visual Studio Solution File, Format Version 11.00
# Visual Studio 2010
Project("{8BC9CEB8-8B4A-11D0-8D11-00A0C91BC942}") = "ALL_BUILD", "ALL_BUILD.vcxproj", "{9AA38BFA-2379-4C19-AD68-6FBA44B93E8F}"
	ProjectSection(ProjectDependencies) = postProject
		{0FA096CD-71A5-4E9F-850C-40D0CAE8238B} = {0FA096CD-71A5-4E9F-850C-40D0CAE8238B}
		{BB762648-23D2-4269-87F6-7A7CCF62257A} = {BB762648-23D2-4269-87F6-7A7CCF62257A}
	EndProjectSection
EndProject
Project("{8BC9CEB8-8B4A-11D0-8D11-00A0C91BC942}") = "ZERO_CHECK", "ZERO_CHECK.vcxproj", "{0FA096CD-71A5-4E9F-850C-40D0CAE8238B}"
	ProjectSection(ProjectDependencies) = postProject
	EndProjectSection
EndProject
Project("{8BC9CEB8-8B4A-11D0-8D11-00A0C91BC942}") = "net", "net.vcxproj", "{BB762648-23D2-4269-87F6-7A7CCF62257A}"
	ProjectSection(ProjectDependencies) = postProject
		{0FA096CD-71A5-4E9F-850C-40D0CAE8238B} = {0FA096CD-71A5-4E9F-850C-40D0CAE8238B}
	EndProjectSection
EndProject
Global
	GlobalSection(SolutionConfigurationPlatforms) = preSolution
		Debug|Win32 = Debug|Win32
		Release|Win32 = Release|Win32
		MinSizeRel|Win32 = MinSizeRel|Win32
		RelWithDebInfo|Win32 = RelWithDebInfo|Win32
	EndGlobalSection
	GlobalSection(ProjectConfigurationPlatforms) = postSolution
		{9AA38BFA-2379-4C19-AD68-6FBA44B93E8F}.Debug|Win32.ActiveCfg = Debug|Win32
		{9AA38BFA-2379-4C19-AD68-6FBA44B93E8F}.Release|Win32.ActiveCfg = Release|Win32
		{9AA38BFA-2379-4C19-AD68-6FBA44B93E8F}.MinSizeRel|Win32.ActiveCfg = MinSizeRel|Win32
		{9AA38BFA-2379-4C19-AD68-6FBA44B93E8F}.RelWithDebInfo|Win32.ActiveCfg = RelWithDebInfo|Win32
		{0FA096CD-71A5-4E9F-850C-40D0CAE8238B}.Debug|Win32.ActiveCfg = Debug|Win32
		{0FA096CD-71A5-4E9F-850C-40D0CAE8238B}.Debug|Win32.Build.0 = Debug|Win32
		{0FA096CD-71A5-4E9F-850C-40D0CAE8238B}.Release|Win32.ActiveCfg = Release|Win32
		{0FA096CD-71A5-4E9F-850C-40D0CAE8238B}.Release|Win32.Build.0 = Release|Win32
		{0FA096CD-71A5-4E9F-850C-40D0CAE8238B}.MinSizeRel|Win32.ActiveCfg = MinSizeRel|Win32
		{0FA096CD-71A5-4E9F-850C-40D0CAE8238B}.MinSizeRel|Win32.Build.0 = MinSizeRel|Win32
		{0FA096CD-71A5-4E9F-850C-40D0CAE8238B}.RelWithDebInfo|Win32.ActiveCfg = RelWithDebInfo|Win32
		{0FA096CD-71A5-4E9F-850C-40D0CAE8238B}.RelWithDebInfo|Win32.Build.0 = RelWithDebInfo|Win32
		{BB762648-23D2-4269-87F6-7A7CCF62257A}.Debug|Win32.ActiveCfg = Debug|Win32
		{BB762648-23D2-4269-87F6-7A7CCF62257A}.Debug|Win32.Build.0 = Debug|Win32
		{BB762648-23D2-4269-87F6-7A7CCF62257A}.Release|Win32.ActiveCfg = Release|Win32
		{BB762648-23D2-4269-87F6-7A7CCF62257A}.Release|Win32.Build.0 = Release|Win32
		{BB762648-23D2-4269-87F6-7A7CCF62257A}.MinSizeRel|Win32.ActiveCfg = MinSizeRel|Win32
		{BB762648-23D2-4269-87F6-7A7CCF62257A}.MinSizeRel|Win32.Build.0 = MinSizeRel|Win32
		{BB762648-23D2-4269-87F6-7A7CCF62257A}.RelWithDebInfo|Win32.ActiveCfg = RelWithDebInfo|Win32
		{BB762648-23D2-4269-87F6-7A7CCF62257A}.RelWithDebInfo|Win32.Build.0 = RelWithDebInfo|Win32
	EndGlobalSection
	GlobalSection(ExtensibilityGlobals) = postSolution
	EndGlobalSection
	GlobalSection(ExtensibilityAddIns) = postSolution
	EndGlobalSection
EndGlobal
