Microsoft Visual Studio Solution File, Format Version 11.00
# Visual Studio 2010
Project("{8BC9CEB8-8B4A-11D0-8D11-00A0C91BC942}") = "ALL_BUILD", "ALL_BUILD.vcxproj", "{8369EC53-4998-4026-83EE-A6A129C47BBE}"
	ProjectSection(ProjectDependencies) = postProject
		{52A7E842-63B0-46C8-86EE-28F797AA6CC5} = {52A7E842-63B0-46C8-86EE-28F797AA6CC5}
		{E92CD3C0-4151-41B3-A570-BCB843D19FD7} = {E92CD3C0-4151-41B3-A570-BCB843D19FD7}
	EndProjectSection
EndProject
Project("{8BC9CEB8-8B4A-11D0-8D11-00A0C91BC942}") = "ZERO_CHECK", "ZERO_CHECK.vcxproj", "{52A7E842-63B0-46C8-86EE-28F797AA6CC5}"
	ProjectSection(ProjectDependencies) = postProject
	EndProjectSection
EndProject
Project("{8BC9CEB8-8B4A-11D0-8D11-00A0C91BC942}") = "net", "net.vcxproj", "{E92CD3C0-4151-41B3-A570-BCB843D19FD7}"
	ProjectSection(ProjectDependencies) = postProject
		{52A7E842-63B0-46C8-86EE-28F797AA6CC5} = {52A7E842-63B0-46C8-86EE-28F797AA6CC5}
	EndProjectSection
EndProject
Global
	GlobalSection(SolutionConfigurationPlatforms) = preSolution
		Debug|Win32 = Debug|Win32
		Release|Win32 = Release|Win32
		MinSizeRel|Win32 = MinSizeRel|Win32
		RelWithDebInfo|Win32 = RelWithDebInfo|Win32
	EndGlobalSection
	GlobalSection(ProjectConfigurationPlatforms) = postSolution
		{8369EC53-4998-4026-83EE-A6A129C47BBE}.Debug|Win32.ActiveCfg = Debug|Win32
		{8369EC53-4998-4026-83EE-A6A129C47BBE}.Release|Win32.ActiveCfg = Release|Win32
		{8369EC53-4998-4026-83EE-A6A129C47BBE}.MinSizeRel|Win32.ActiveCfg = MinSizeRel|Win32
		{8369EC53-4998-4026-83EE-A6A129C47BBE}.RelWithDebInfo|Win32.ActiveCfg = RelWithDebInfo|Win32
		{52A7E842-63B0-46C8-86EE-28F797AA6CC5}.Debug|Win32.ActiveCfg = Debug|Win32
		{52A7E842-63B0-46C8-86EE-28F797AA6CC5}.Debug|Win32.Build.0 = Debug|Win32
		{52A7E842-63B0-46C8-86EE-28F797AA6CC5}.Release|Win32.ActiveCfg = Release|Win32
		{52A7E842-63B0-46C8-86EE-28F797AA6CC5}.Release|Win32.Build.0 = Release|Win32
		{52A7E842-63B0-46C8-86EE-28F797AA6CC5}.MinSizeRel|Win32.ActiveCfg = MinSizeRel|Win32
		{52A7E842-63B0-46C8-86EE-28F797AA6CC5}.MinSizeRel|Win32.Build.0 = MinSizeRel|Win32
		{52A7E842-63B0-46C8-86EE-28F797AA6CC5}.RelWithDebInfo|Win32.ActiveCfg = RelWithDebInfo|Win32
		{52A7E842-63B0-46C8-86EE-28F797AA6CC5}.RelWithDebInfo|Win32.Build.0 = RelWithDebInfo|Win32
		{E92CD3C0-4151-41B3-A570-BCB843D19FD7}.Debug|Win32.ActiveCfg = Debug|Win32
		{E92CD3C0-4151-41B3-A570-BCB843D19FD7}.Debug|Win32.Build.0 = Debug|Win32
		{E92CD3C0-4151-41B3-A570-BCB843D19FD7}.Release|Win32.ActiveCfg = Release|Win32
		{E92CD3C0-4151-41B3-A570-BCB843D19FD7}.Release|Win32.Build.0 = Release|Win32
		{E92CD3C0-4151-41B3-A570-BCB843D19FD7}.MinSizeRel|Win32.ActiveCfg = MinSizeRel|Win32
		{E92CD3C0-4151-41B3-A570-BCB843D19FD7}.MinSizeRel|Win32.Build.0 = MinSizeRel|Win32
		{E92CD3C0-4151-41B3-A570-BCB843D19FD7}.RelWithDebInfo|Win32.ActiveCfg = RelWithDebInfo|Win32
		{E92CD3C0-4151-41B3-A570-BCB843D19FD7}.RelWithDebInfo|Win32.Build.0 = RelWithDebInfo|Win32
	EndGlobalSection
	GlobalSection(ExtensibilityGlobals) = postSolution
	EndGlobalSection
	GlobalSection(ExtensibilityAddIns) = postSolution
	EndGlobalSection
EndGlobal
